
Microsoft Visual Studio Solution File, Format Version 12.00
# Visual Studio Version 17
VisualStudioVersion = 17.10.35122.118
MinimumVisualStudioVersion = 10.0.40219.1
Project("{FAE04EC0-301F-11D3-BF4B-00C04F79EFBC}") = "DijkstraAlgorithm3", "DijkstraAlgorithm3.csproj", "{CF4345A6-7F7E-4EAC-8B6D-CFB7353F95DF}"
EndProject
Global
	GlobalSection(SolutionConfigurationPlatforms) = preSolution
		Debug|Any CPU = Debug|Any CPU
		Release|Any CPU = Release|Any CPU
	EndGlobalSection
	GlobalSection(ProjectConfigurationPlatforms) = postSolution
		{CF4345A6-7F7E-4EAC-8B6D-CFB7353F95DF}.Debug|Any CPU.ActiveCfg = Debug|Any CPU
		{CF4345A6-7F7E-4EAC-8B6D-CFB7353F95DF}.Debug|Any CPU.Build.0 = Debug|Any CPU
		{CF4345A6-7F7E-4EAC-8B6D-CFB7353F95DF}.Release|Any CPU.ActiveCfg = Release|Any CPU
		{CF4345A6-7F7E-4EAC-8B6D-CFB7353F95DF}.Release|Any CPU.Build.0 = Release|Any CPU
	EndGlobalSection
	GlobalSection(SolutionProperties) = preSolution
		HideSolutionNode = FALSE
	EndGlobalSection
	GlobalSection(ExtensibilityGlobals) = postSolution
		SolutionGuid = {23398798-57A1-4263-BE3E-89B52C833891}
	EndGlobalSection
EndGlobal
