
Microsoft Visual Studio Solution File, Format Version 12.00
# Visual Studio Version 17
VisualStudioVersion = 17.10.35122.118
MinimumVisualStudioVersion = 10.0.40219.1
Project("{FAE04EC0-301F-11D3-BF4B-00C04F79EFBC}") = "BreadthFirstSearch", "BreadthFirstSearch.csproj", "{98DB5848-5E6F-4A31-96BD-E488165626FF}"
EndProject
Global
	GlobalSection(SolutionConfigurationPlatforms) = preSolution
		Debug|Any CPU = Debug|Any CPU
		Release|Any CPU = Release|Any CPU
	EndGlobalSection
	GlobalSection(ProjectConfigurationPlatforms) = postSolution
		{98DB5848-5E6F-4A31-96BD-E488165626FF}.Debug|Any CPU.ActiveCfg = Debug|Any CPU
		{98DB5848-5E6F-4A31-96BD-E488165626FF}.Debug|Any CPU.Build.0 = Debug|Any CPU
		{98DB5848-5E6F-4A31-96BD-E488165626FF}.Release|Any CPU.ActiveCfg = Release|Any CPU
		{98DB5848-5E6F-4A31-96BD-E488165626FF}.Release|Any CPU.Build.0 = Release|Any CPU
	EndGlobalSection
	GlobalSection(SolutionProperties) = preSolution
		HideSolutionNode = FALSE
	EndGlobalSection
	GlobalSection(ExtensibilityGlobals) = postSolution
		SolutionGuid = {C79B6EF8-7E95-4DC3-8EEF-B0BA88CB91DC}
	EndGlobalSection
EndGlobal
